
Microsoft Visual Studio Solution File, Format Version 12.00
# Visual Studio Version 17
VisualStudioVersion = 17.4.33213.308
MinimumVisualStudioVersion = 10.0.40219.1
Project("{FAE04EC0-301F-11D3-BF4B-00C04F79EFBC}") = "ContactsAPI", "ContactsAPI\ContactsAPI.csproj", "{75A40944-71C4-42FA-A67C-8229A94D0263}"
EndProject
Global
	GlobalSection(SolutionConfigurationPlatforms) = preSolution
		Debug|Any CPU = Debug|Any CPU
		Release|Any CPU = Release|Any CPU
	EndGlobalSection
	GlobalSection(ProjectConfigurationPlatforms) = postSolution
		{75A40944-71C4-42FA-A67C-8229A94D0263}.Debug|Any CPU.ActiveCfg = Debug|Any CPU
		{75A40944-71C4-42FA-A67C-8229A94D0263}.Debug|Any CPU.Build.0 = Debug|Any CPU
		{75A40944-71C4-42FA-A67C-8229A94D0263}.Release|Any CPU.ActiveCfg = Release|Any CPU
		{75A40944-71C4-42FA-A67C-8229A94D0263}.Release|Any CPU.Build.0 = Release|Any CPU
	EndGlobalSection
	GlobalSection(SolutionProperties) = preSolution
		HideSolutionNode = FALSE
	EndGlobalSection
	GlobalSection(ExtensibilityGlobals) = postSolution
		SolutionGuid = {D2B089D1-1E81-401E-B90A-5D0D171009C1}
	EndGlobalSection
EndGlobal
